
Microsoft Visual Studio Solution File, Format Version 12.00
# Visual Studio Version 17
VisualStudioVersion = 17.9.34622.214
MinimumVisualStudioVersion = 10.0.40219.1
Project("{FAE04EC0-301F-11D3-BF4B-00C04F79EFBC}") = "ConsoleApp4", "ConsoleApp4\ConsoleApp4.csproj", "{4468777E-1DB1-43DC-AA6B-F3E38FE2E373}"
EndProject
Global
	GlobalSection(SolutionConfigurationPlatforms) = preSolution
		Debug|Any CPU = Debug|Any CPU
		Release|Any CPU = Release|Any CPU
	EndGlobalSection
	GlobalSection(ProjectConfigurationPlatforms) = postSolution
		{4468777E-1DB1-43DC-AA6B-F3E38FE2E373}.Debug|Any CPU.ActiveCfg = Debug|Any CPU
		{4468777E-1DB1-43DC-AA6B-F3E38FE2E373}.Debug|Any CPU.Build.0 = Debug|Any CPU
		{4468777E-1DB1-43DC-AA6B-F3E38FE2E373}.Release|Any CPU.ActiveCfg = Release|Any CPU
		{4468777E-1DB1-43DC-AA6B-F3E38FE2E373}.Release|Any CPU.Build.0 = Release|Any CPU
	EndGlobalSection
	GlobalSection(SolutionProperties) = preSolution
		HideSolutionNode = FALSE
	EndGlobalSection
	GlobalSection(ExtensibilityGlobals) = postSolution
		SolutionGuid = {5DC1186A-A5C2-43E4-BBC2-704C4DABEFD7}
	EndGlobalSection
EndGlobal
